{
    "name": "unruggable-gateways-lambda",
    "version": "0.0.1",
    "lockfileVersion": 3,
    "requires": true,
    "packages": {
        "": {
            "name": "unruggable-gateways-lambda",
            "version": "0.0.1",
            "dependencies": {
                "@unruggable/gateways": "^0.1.2-dev.7",
                "dotenv": "^16.4.5"
            }
        },
        "node_modules/@adraffy/ens-normalize": {
            "version": "1.10.1",
            "resolved": "https://registry.npmjs.org/@adraffy/ens-normalize/-/ens-normalize-1.10.1.tgz",
            "integrity": "sha512-96Z2IP3mYmF1Xg2cDm8f1gWGf/HUVedQ3FMifV4kG/PQ4yEP51xDtRAEfhVNt5f/uzpNkZHwWQuUcu6D6K+Ekw==",
            "license": "MIT"
        },
        "node_modules/@kamilkisiela/fast-url-parser": {
            "version": "1.1.4",
            "resolved": "https://registry.npmjs.org/@kamilkisiela/fast-url-parser/-/fast-url-parser-1.1.4.tgz",
            "integrity": "sha512-gbkePEBupNydxCelHCESvFSFM8XPh1Zs/OAVRW/rKpEqPAl5PbOM90Si8mv9bvnR53uPD2s/FiRxdvSejpRJew==",
            "license": "MIT"
        },
        "node_modules/@noble/curves": {
            "version": "1.2.0",
            "resolved": "https://registry.npmjs.org/@noble/curves/-/curves-1.2.0.tgz",
            "integrity": "sha512-oYclrNgRaM9SsBUBVbb8M6DTV7ZHRTKugureoYEncY5c65HOmRzvSiTE3y5CYaPYJA/GVkrhXEoF0M3Ya9PMnw==",
            "license": "MIT",
            "dependencies": {
                "@noble/hashes": "1.3.2"
            },
            "funding": {
                "url": "https://paulmillr.com/funding/"
            }
        },
        "node_modules/@noble/hashes": {
            "version": "1.3.2",
            "resolved": "https://registry.npmjs.org/@noble/hashes/-/hashes-1.3.2.tgz",
            "integrity": "sha512-MVC8EAQp7MvEcm30KWENFjgR+Mkmf+D189XJTkFIlwohU5hcBbn1ZkKq7KVTi2Hme3PMGF390DaL52beVrIihQ==",
            "license": "MIT",
            "engines": {
                "node": ">= 16"
            },
            "funding": {
                "url": "https://paulmillr.com/funding/"
            }
        },
        "node_modules/@resolverworks/ezccip": {
            "version": "0.0.15",
            "resolved": "https://registry.npmjs.org/@resolverworks/ezccip/-/ezccip-0.0.15.tgz",
            "integrity": "sha512-F66u3Lsm+TtZOymHy55fyyNipA2OACXyKrAXQlpmaLKBnDu6IfTrfxcrgo+92diZiPN91ot+PiLi5eXbIqg34A==",
            "license": "MIT",
            "dependencies": {
                "ethers": "^6.13.1"
            }
        },
        "node_modules/@types/node": {
            "version": "18.15.13",
            "resolved": "https://registry.npmjs.org/@types/node/-/node-18.15.13.tgz",
            "integrity": "sha512-N+0kuo9KgrUQ1Sn/ifDXsvg0TTleP7rIy4zOBGECxAljqvqfqpTfzx0Q1NUedOixRMBfe2Whhb056a42cWs26Q==",
            "license": "MIT"
        },
        "node_modules/@unruggable/gateways": {
            "version": "0.1.2-dev.7",
            "resolved": "https://registry.npmjs.org/@unruggable/gateways/-/gateways-0.1.2-dev.7.tgz",
            "integrity": "sha512-gObm8TxX/3sTGx9GJkAbeHWbNiea6aFENbT4Afk8U1pkiarrNrR2GT77B3ipmCIZkmj9G4uD14zSznrj8k2Tfg==",
            "dependencies": {
                "@resolverworks/ezccip": "^0.0.15",
                "@whatwg-node/server": "^0.9.49",
                "ethers": "^6.13.3"
            },
            "peerDependencies": {
                "typescript": "^5.5.2"
            }
        },
        "node_modules/@whatwg-node/fetch": {
            "version": "0.9.21",
            "resolved": "https://registry.npmjs.org/@whatwg-node/fetch/-/fetch-0.9.21.tgz",
            "integrity": "sha512-Wt0jPb+04JjobK0pAAN7mEHxVHcGA9HoP3OyCsZtyAecNQeADXCZ1MihFwVwjsgaRYuGVmNlsCmLxlG6mor8Gw==",
            "license": "MIT",
            "dependencies": {
                "@whatwg-node/node-fetch": "^0.5.23",
                "urlpattern-polyfill": "^10.0.0"
            },
            "engines": {
                "node": ">=18.0.0"
            }
        },
        "node_modules/@whatwg-node/node-fetch": {
            "version": "0.5.26",
            "resolved": "https://registry.npmjs.org/@whatwg-node/node-fetch/-/node-fetch-0.5.26.tgz",
            "integrity": "sha512-4jXDeZ4IH4bylZ6wu14VEx0aDXXhrN4TC279v9rPmn08g4EYekcYf8wdcOOnS9STjDkb6x77/6xBUTqxGgjr8g==",
            "license": "MIT",
            "dependencies": {
                "@kamilkisiela/fast-url-parser": "^1.1.4",
                "busboy": "^1.6.0",
                "fast-querystring": "^1.1.1",
                "tslib": "^2.6.3"
            },
            "engines": {
                "node": ">=18.0.0"
            }
        },
        "node_modules/@whatwg-node/node-fetch/node_modules/tslib": {
            "version": "2.7.0",
            "resolved": "https://registry.npmjs.org/tslib/-/tslib-2.7.0.tgz",
            "integrity": "sha512-gLXCKdN1/j47AiHiOkJN69hJmcbGTHI0ImLmbYLHykhgeN0jVGola9yVjFgzCUklsZQMW55o+dW7IXv3RCXDzA==",
            "license": "0BSD"
        },
        "node_modules/@whatwg-node/server": {
            "version": "0.9.49",
            "resolved": "https://registry.npmjs.org/@whatwg-node/server/-/server-0.9.49.tgz",
            "integrity": "sha512-3KzLXw80gWnTsQ746G/LFdCThTPfDodjQs4PnmoNuPa6XUOl4HWq8TlJpxtmnEEB+y+UYLal+3VQ68dtYlbUDQ==",
            "license": "MIT",
            "dependencies": {
                "@whatwg-node/fetch": "^0.9.21",
                "tslib": "^2.6.3"
            },
            "engines": {
                "node": ">=18.0.0"
            }
        },
        "node_modules/@whatwg-node/server/node_modules/tslib": {
            "version": "2.7.0",
            "resolved": "https://registry.npmjs.org/tslib/-/tslib-2.7.0.tgz",
            "integrity": "sha512-gLXCKdN1/j47AiHiOkJN69hJmcbGTHI0ImLmbYLHykhgeN0jVGola9yVjFgzCUklsZQMW55o+dW7IXv3RCXDzA==",
            "license": "0BSD"
        },
        "node_modules/aes-js": {
            "version": "4.0.0-beta.5",
            "resolved": "https://registry.npmjs.org/aes-js/-/aes-js-4.0.0-beta.5.tgz",
            "integrity": "sha512-G965FqalsNyrPqgEGON7nIx1e/OVENSgiEIzyC63haUMuvNnwIgIjMs52hlTCKhkBny7A2ORNlfY9Zu+jmGk1Q==",
            "license": "MIT"
        },
        "node_modules/busboy": {
            "version": "1.6.0",
            "resolved": "https://registry.npmjs.org/busboy/-/busboy-1.6.0.tgz",
            "integrity": "sha512-8SFQbg/0hQ9xy3UNTB0YEnsNBbWfhf7RtnzpL7TkBiTBRfrQ9Fxcnz7VJsleJpyp6rVLvXiuORqjlHi5q+PYuA==",
            "dependencies": {
                "streamsearch": "^1.1.0"
            },
            "engines": {
                "node": ">=10.16.0"
            }
        },
        "node_modules/dotenv": {
            "version": "16.4.5",
            "resolved": "https://registry.npmjs.org/dotenv/-/dotenv-16.4.5.tgz",
            "integrity": "sha512-ZmdL2rui+eB2YwhsWzjInR8LldtZHGDoQ1ugH85ppHKwpUHL7j7rN0Ti9NCnGiQbhaZ11FpR+7ao1dNsmduNUg==",
            "license": "BSD-2-Clause",
            "engines": {
                "node": ">=12"
            },
            "funding": {
                "url": "https://dotenvx.com"
            }
        },
        "node_modules/ethers": {
            "version": "6.13.3",
            "resolved": "https://registry.npmjs.org/ethers/-/ethers-6.13.3.tgz",
            "integrity": "sha512-/DzbZOLVtoO4fKvvQwpEucHAQgIwBGWuRvBdwE/lMXgXvvHHTSkn7XqAQ2b+gjJzZDJjWA9OD05bVceVOsBHbg==",
            "funding": [
                {
                    "type": "individual",
                    "url": "https://github.com/sponsors/ethers-io/"
                },
                {
                    "type": "individual",
                    "url": "https://www.buymeacoffee.com/ricmoo"
                }
            ],
            "license": "MIT",
            "dependencies": {
                "@adraffy/ens-normalize": "1.10.1",
                "@noble/curves": "1.2.0",
                "@noble/hashes": "1.3.2",
                "@types/node": "18.15.13",
                "aes-js": "4.0.0-beta.5",
                "tslib": "2.4.0",
                "ws": "8.17.1"
            },
            "engines": {
                "node": ">=14.0.0"
            }
        },
        "node_modules/fast-decode-uri-component": {
            "version": "1.0.1",
            "resolved": "https://registry.npmjs.org/fast-decode-uri-component/-/fast-decode-uri-component-1.0.1.tgz",
            "integrity": "sha512-WKgKWg5eUxvRZGwW8FvfbaH7AXSh2cL+3j5fMGzUMCxWBJ3dV3a7Wz8y2f/uQ0e3B6WmodD3oS54jTQ9HVTIIg==",
            "license": "MIT"
        },
        "node_modules/fast-querystring": {
            "version": "1.1.2",
            "resolved": "https://registry.npmjs.org/fast-querystring/-/fast-querystring-1.1.2.tgz",
            "integrity": "sha512-g6KuKWmFXc0fID8WWH0jit4g0AGBoJhCkJMb1RmbsSEUNvQ+ZC8D6CUZ+GtF8nMzSPXnhiePyyqqipzNNEnHjg==",
            "license": "MIT",
            "dependencies": {
                "fast-decode-uri-component": "^1.0.1"
            }
        },
        "node_modules/streamsearch": {
            "version": "1.1.0",
            "resolved": "https://registry.npmjs.org/streamsearch/-/streamsearch-1.1.0.tgz",
            "integrity": "sha512-Mcc5wHehp9aXz1ax6bZUyY5afg9u2rv5cqQI3mRrYkGC8rW2hM02jWuwjtL++LS5qinSyhj2QfLyNsuc+VsExg==",
            "engines": {
                "node": ">=10.0.0"
            }
        },
        "node_modules/tslib": {
            "version": "2.4.0",
            "resolved": "https://registry.npmjs.org/tslib/-/tslib-2.4.0.tgz",
            "integrity": "sha512-d6xOpEDfsi2CZVlPQzGeux8XMwLT9hssAsaPYExaQMuYskwb+x1x7J371tWlbBdWHroy99KnVB6qIkUbs5X3UQ==",
            "license": "0BSD"
        },
        "node_modules/typescript": {
            "version": "5.6.3",
            "resolved": "https://registry.npmjs.org/typescript/-/typescript-5.6.3.tgz",
            "integrity": "sha512-hjcS1mhfuyi4WW8IWtjP7brDrG2cuDZukyrYrSauoXGNgx0S7zceP07adYkJycEr56BOUTNPzbInooiN3fn1qw==",
            "license": "Apache-2.0",
            "peer": true,
            "bin": {
                "tsc": "bin/tsc",
                "tsserver": "bin/tsserver"
            },
            "engines": {
                "node": ">=14.17"
            }
        },
        "node_modules/urlpattern-polyfill": {
            "version": "10.0.0",
            "resolved": "https://registry.npmjs.org/urlpattern-polyfill/-/urlpattern-polyfill-10.0.0.tgz",
            "integrity": "sha512-H/A06tKD7sS1O1X2SshBVeA5FLycRpjqiBeqGKmBwBDBy28EnRjORxTNe269KSSr5un5qyWi1iL61wLxpd+ZOg==",
            "license": "MIT"
        },
        "node_modules/ws": {
            "version": "8.17.1",
            "resolved": "https://registry.npmjs.org/ws/-/ws-8.17.1.tgz",
            "integrity": "sha512-6XQFvXTkbfUOZOKKILFG1PDK2NDQs4azKQl26T0YS5CxqWLgXajbPZ+h4gZekJyRqFU8pvnbAbbs/3TgRPy+GQ==",
            "license": "MIT",
            "engines": {
                "node": ">=10.0.0"
            },
            "peerDependencies": {
                "bufferutil": "^4.0.1",
                "utf-8-validate": ">=5.0.2"
            },
            "peerDependenciesMeta": {
                "bufferutil": {
                    "optional": true
                },
                "utf-8-validate": {
                    "optional": true
                }
            }
        }
    }
}
